// !$*UTF8*$!
{
	archiveVersion = 1;
	classes = {
	};
	objectVersion = 55;
	objects = {

/* Begin PBXBuildFile section */
		4D111CF527FCB5A6007AC40A /* AppDelegate.swift in Sources */ = {isa = PBXBuildFile; fileRef = 4D111CF427FCB5A6007AC40A /* AppDelegate.swift */; };
		4D111CF727FCB5A6007AC40A /* SceneDelegate.swift in Sources */ = {isa = PBXBuildFile; fileRef = 4D111CF627FCB5A6007AC40A /* SceneDelegate.swift */; };
		4D111CFC27FCB5A6007AC40A /* Main.storyboard in Resources */ = {isa = PBXBuildFile; fileRef = 4D111CFA27FCB5A6007AC40A /* Main.storyboard */; };
		4D111CFE27FCB5A7007AC40A /* Assets.xcassets in Resources */ = {isa = PBXBuildFile; fileRef = 4D111CFD27FCB5A7007AC40A /* Assets.xcassets */; };
		4D111D0127FCB5A7007AC40A /* LaunchScreen.storyboard in Resources */ = {isa = PBXBuildFile; fileRef = 4D111CFF27FCB5A7007AC40A /* LaunchScreen.storyboard */; };
		4D111D0B27FCB99C007AC40A /* MainViewController.swift in Sources */ = {isa = PBXBuildFile; fileRef = 4D111D0A27FCB99C007AC40A /* MainViewController.swift */; };
		4D3FEC9C27FDD80500B2168D /* .gitignore in Resources */ = {isa = PBXBuildFile; fileRef = 4D3FEC9B27FDD80500B2168D /* .gitignore */; };
		4D3FECA027FE1D7300B2168D /* CustomTableViewCell.swift in Sources */ = {isa = PBXBuildFile; fileRef = 4D3FEC9F27FE1D7300B2168D /* CustomTableViewCell.swift */; };
		4D3FECA227FE2B2000B2168D /* PlaceModel.swift in Sources */ = {isa = PBXBuildFile; fileRef = 4D3FECA127FE2B2000B2168D /* PlaceModel.swift */; };
		4D48FC8A28009C2200DBCC01 /* StorageManager.swift in Sources */ = {isa = PBXBuildFile; fileRef = 4D48FC8928009C2200DBCC01 /* StorageManager.swift */; };
		4D5028E6280F3ECD00F56CA7 /* MapViewController.swift in Sources */ = {isa = PBXBuildFile; fileRef = 4D5028E5280F3ECD00F56CA7 /* MapViewController.swift */; };
		4D57A1352816B9D200AFA57C /* MapManager.swift in Sources */ = {isa = PBXBuildFile; fileRef = 4D57A1342816B9D200AFA57C /* MapManager.swift */; };
		4D5ACCE4280BF09E007F3E2B /* RatingController.swift in Sources */ = {isa = PBXBuildFile; fileRef = 4D5ACCE3280BF09E007F3E2B /* RatingController.swift */; };
		4D777D9B280C863400E3CFFD /* MainRatingController.swift in Sources */ = {isa = PBXBuildFile; fileRef = 4D777D9A280C863300E3CFFD /* MainRatingController.swift */; };
		4DE82EA327FF22E600E37C25 /* NewPlaceViewController.swift in Sources */ = {isa = PBXBuildFile; fileRef = 4DE82EA227FF22E600E37C25 /* NewPlaceViewController.swift */; };
		CCC6B1ABE9F3EA06709E1115 /* Pods_MyPlaces.framework in Frameworks */ = {isa = PBXBuildFile; fileRef = C70A5C4D4E0576AF560FDFC3 /* Pods_MyPlaces.framework */; };
/* End PBXBuildFile section */

/* Begin PBXFileReference section */
		4D111CF127FCB5A6007AC40A /* MyPlaces.app */ = {isa = PBXFileReference; explicitFileType = wrapper.application; includeInIndex = 0; path = MyPlaces.app; sourceTree = BUILT_PRODUCTS_DIR; };
		4D111CF427FCB5A6007AC40A /* AppDelegate.swift */ = {isa = PBXFileReference; lastKnownFileType = sourcecode.swift; path = AppDelegate.swift; sourceTree = "<group>"; };
		4D111CF627FCB5A6007AC40A /* SceneDelegate.swift */ = {isa = PBXFileReference; lastKnownFileType = sourcecode.swift; path = SceneDelegate.swift; sourceTree = "<group>"; };
		4D111CFB27FCB5A6007AC40A /* Base */ = {isa = PBXFileReference; lastKnownFileType = file.storyboard; name = Base; path = Base.lproj/Main.storyboard; sourceTree = "<group>"; };
		4D111CFD27FCB5A7007AC40A /* Assets.xcassets */ = {isa = PBXFileReference; lastKnownFileType = folder.assetcatalog; path = Assets.xcassets; sourceTree = "<group>"; };
		4D111D0027FCB5A7007AC40A /* Base */ = {isa = PBXFileReference; lastKnownFileType = file.storyboard; name = Base; path = Base.lproj/LaunchScreen.storyboard; sourceTree = "<group>"; };
		4D111D0227FCB5A7007AC40A /* Info.plist */ = {isa = PBXFileReference; lastKnownFileType = text.plist.xml; path = Info.plist; sourceTree = "<group>"; };
		4D111D0A27FCB99C007AC40A /* MainViewController.swift */ = {isa = PBXFileReference; lastKnownFileType = sourcecode.swift; path = MainViewController.swift; sourceTree = "<group>"; };
		4D3FEC9B27FDD80500B2168D /* .gitignore */ = {isa = PBXFileReference; lastKnownFileType = text; path = .gitignore; sourceTree = "<group>"; };
		4D3FEC9F27FE1D7300B2168D /* CustomTableViewCell.swift */ = {isa = PBXFileReference; lastKnownFileType = sourcecode.swift; path = CustomTableViewCell.swift; sourceTree = "<group>"; };
		4D3FECA127FE2B2000B2168D /* PlaceModel.swift */ = {isa = PBXFileReference; lastKnownFileType = sourcecode.swift; path = PlaceModel.swift; sourceTree = "<group>"; };
		4D48FC8928009C2200DBCC01 /* StorageManager.swift */ = {isa = PBXFileReference; lastKnownFileType = sourcecode.swift; path = StorageManager.swift; sourceTree = "<group>"; };
		4D5028E5280F3ECD00F56CA7 /* MapViewController.swift */ = {isa = PBXFileReference; lastKnownFileType = sourcecode.swift; path = MapViewController.swift; sourceTree = "<group>"; };
		4D57A1342816B9D200AFA57C /* MapManager.swift */ = {isa = PBXFileReference; lastKnownFileType = sourcecode.swift; path = MapManager.swift; sourceTree = "<group>"; };
		4D5ACCE3280BF09E007F3E2B /* RatingController.swift */ = {isa = PBXFileReference; lastKnownFileType = sourcecode.swift; path = RatingController.swift; sourceTree = "<group>"; };
		4D777D9A280C863300E3CFFD /* MainRatingController.swift */ = {isa = PBXFileReference; lastKnownFileType = sourcecode.swift; path = MainRatingController.swift; sourceTree = "<group>"; };
		4DE82EA227FF22E600E37C25 /* NewPlaceViewController.swift */ = {isa = PBXFileReference; lastKnownFileType = sourcecode.swift; path = NewPlaceViewController.swift; sourceTree = "<group>"; };
		63EF608980129362955E06F8 /* Pods-MyPlaces.debug.xcconfig */ = {isa = PBXFileReference; includeInIndex = 1; lastKnownFileType = text.xcconfig; name = "Pods-MyPlaces.debug.xcconfig"; path = "Target Support Files/Pods-MyPlaces/Pods-MyPlaces.debug.xcconfig"; sourceTree = "<group>"; };
		C70A5C4D4E0576AF560FDFC3 /* Pods_MyPlaces.framework */ = {isa = PBXFileReference; explicitFileType = wrapper.framework; includeInIndex = 0; path = Pods_MyPlaces.framework; sourceTree = BUILT_PRODUCTS_DIR; };
		CF618A5E9C4381F870DFAD08 /* Pods-MyPlaces.release.xcconfig */ = {isa = PBXFileReference; includeInIndex = 1; lastKnownFileType = text.xcconfig; name = "Pods-MyPlaces.release.xcconfig"; path = "Target Support Files/Pods-MyPlaces/Pods-MyPlaces.release.xcconfig"; sourceTree = "<group>"; };
/* End PBXFileReference section */

/* Begin PBXFrameworksBuildPhase section */
		4D111CEE27FCB5A6007AC40A /* Frameworks */ = {
			isa = PBXFrameworksBuildPhase;
			buildActionMask = 2147483647;
			files = (
				CCC6B1ABE9F3EA06709E1115 /* Pods_MyPlaces.framework in Frameworks */,
			);
			runOnlyForDeploymentPostprocessing = 0;
		};
/* End PBXFrameworksBuildPhase section */

/* Begin PBXGroup section */
		4D111CE827FCB5A6007AC40A = {
			isa = PBXGroup;
			children = (
				4D3FEC9B27FDD80500B2168D /* .gitignore */,
				4D111CF327FCB5A6007AC40A /* MyPlaces */,
				4D111CF227FCB5A6007AC40A /* Products */,
				BA3C94B733984ED95E9E88D6 /* Pods */,
				5FDF14FF47B5ED4BCD831E2D /* Frameworks */,
			);
			sourceTree = "<group>";
		};
		4D111CF227FCB5A6007AC40A /* Products */ = {
			isa = PBXGroup;
			children = (
				4D111CF127FCB5A6007AC40A /* MyPlaces.app */,
			);
			name = Products;
			sourceTree = "<group>";
		};
		4D111CF327FCB5A6007AC40A /* MyPlaces */ = {
			isa = PBXGroup;
			children = (
				4D3E93AE2817323B00E1615C /*  ViewControllers */,
				4D3E93B02817329300E1615C /* Helpers */,
				4D3E93AF2817327300E1615C /*  Models */,
				4D3E93B1281732BE00E1615C /* Supports Files */,
				4D3E93B2281732EE00E1615C /* IB */,
				4D111D0227FCB5A7007AC40A /* Info.plist */,
			);
			path = MyPlaces;
			sourceTree = "<group>";
		};
		4D3E93AE2817323B00E1615C /*  ViewControllers */ = {
			isa = PBXGroup;
			children = (
				4DE82EA227FF22E600E37C25 /* NewPlaceViewController.swift */,
				4D111D0A27FCB99C007AC40A /* MainViewController.swift */,
				4D5028E5280F3ECD00F56CA7 /* MapViewController.swift */,
				4D3FEC9F27FE1D7300B2168D /* CustomTableViewCell.swift */,
			);
			path = " ViewControllers";
			sourceTree = "<group>";
		};
		4D3E93AF2817327300E1615C /*  Models */ = {
			isa = PBXGroup;
			children = (
				4D3FECA127FE2B2000B2168D /* PlaceModel.swift */,
			);
			path = " Models";
			sourceTree = "<group>";
		};
		4D3E93B02817329300E1615C /* Helpers */ = {
			isa = PBXGroup;
			children = (
				4D48FC8928009C2200DBCC01 /* StorageManager.swift */,
				4D57A1342816B9D200AFA57C /* MapManager.swift */,
				4D777D9A280C863300E3CFFD /* MainRatingController.swift */,
				4D5ACCE3280BF09E007F3E2B /* RatingController.swift */,
			);
			path = Helpers;
			sourceTree = "<group>";
		};
		4D3E93B1281732BE00E1615C /* Supports Files */ = {
			isa = PBXGroup;
			children = (
				4D111CFD27FCB5A7007AC40A /* Assets.xcassets */,
				4D111CF627FCB5A6007AC40A /* SceneDelegate.swift */,
				4D111CF427FCB5A6007AC40A /* AppDelegate.swift */,
			);
			path = "Supports Files";
			sourceTree = "<group>";
		};
		4D3E93B2281732EE00E1615C /* IB */ = {
			isa = PBXGroup;
			children = (
				4D111CFF27FCB5A7007AC40A /* LaunchScreen.storyboard */,
				4D111CFA27FCB5A6007AC40A /* Main.storyboard */,
			);
			path = IB;
			sourceTree = "<group>";
		};
		5FDF14FF47B5ED4BCD831E2D /* Frameworks */ = {
			isa = PBXGroup;
			children = (
				C70A5C4D4E0576AF560FDFC3 /* Pods_MyPlaces.framework */,
			);
			name = Frameworks;
			sourceTree = "<group>";
		};
		BA3C94B733984ED95E9E88D6 /* Pods */ = {
			isa = PBXGroup;
			children = (
				63EF608980129362955E06F8 /* Pods-MyPlaces.debug.xcconfig */,
				CF618A5E9C4381F870DFAD08 /* Pods-MyPlaces.release.xcconfig */,
			);
			path = Pods;
			sourceTree = "<group>";
		};
/* End PBXGroup section */

/* Begin PBXNativeTarget section */
		4D111CF027FCB5A6007AC40A /* MyPlaces */ = {
			isa = PBXNativeTarget;
			buildConfigurationList = 4D111D0527FCB5A7007AC40A /* Build configuration list for PBXNativeTarget "MyPlaces" */;
			buildPhases = (
				3759451B7AE94AC7BDC9B7DF /* [CP] Check Pods Manifest.lock */,
				4D111CED27FCB5A6007AC40A /* Sources */,
				4D111CEE27FCB5A6007AC40A /* Frameworks */,
				4D111CEF27FCB5A6007AC40A /* Resources */,
				B7A1A0DD9D02C668497B5326 /* [CP] Embed Pods Frameworks */,
			);
			buildRules = (
			);
			dependencies = (
			);
			name = MyPlaces;
			productName = MyPlaces;
			productReference = 4D111CF127FCB5A6007AC40A /* MyPlaces.app */;
			productType = "com.apple.product-type.application";
		};
/* End PBXNativeTarget section */

/* Begin PBXProject section */
		4D111CE927FCB5A6007AC40A /* Project object */ = {
			isa = PBXProject;
			attributes = {
				BuildIndependentTargetsInParallel = 1;
				LastSwiftUpdateCheck = 1330;
				LastUpgradeCheck = 1330;
				TargetAttributes = {
					4D111CF027FCB5A6007AC40A = {
						CreatedOnToolsVersion = 13.3;
					};
				};
			};
			buildConfigurationList = 4D111CEC27FCB5A6007AC40A /* Build configuration list for PBXProject "MyPlaces" */;
			compatibilityVersion = "Xcode 13.0";
			developmentRegion = en;
			hasScannedForEncodings = 0;
			knownRegions = (
				en,
				Base,
			);
			mainGroup = 4D111CE827FCB5A6007AC40A;
			productRefGroup = 4D111CF227FCB5A6007AC40A /* Products */;
			projectDirPath = "";
			projectRoot = "";
			targets = (
				4D111CF027FCB5A6007AC40A /* MyPlaces */,
			);
		};
/* End PBXProject section */

/* Begin PBXResourcesBuildPhase section */
		4D111CEF27FCB5A6007AC40A /* Resources */ = {
			isa = PBXResourcesBuildPhase;
			buildActionMask = 2147483647;
			files = (
				4D3FEC9C27FDD80500B2168D /* .gitignore in Resources */,
				4D111D0127FCB5A7007AC40A /* LaunchScreen.storyboard in Resources */,
				4D111CFE27FCB5A7007AC40A /* Assets.xcassets in Resources */,
				4D111CFC27FCB5A6007AC40A /* Main.storyboard in Resources */,
			);
			runOnlyForDeploymentPostprocessing = 0;
		};
/* End PBXResourcesBuildPhase section */

/* Begin PBXShellScriptBuildPhase section */
		3759451B7AE94AC7BDC9B7DF /* [CP] Check Pods Manifest.lock */ = {
			isa = PBXShellScriptBuildPhase;
			buildActionMask = 2147483647;
			files = (
			);
			inputFileListPaths = (
			);
			inputPaths = (
				"${PODS_PODFILE_DIR_PATH}/Podfile.lock",
				"${PODS_ROOT}/Manifest.lock",
			);
			name = "[CP] Check Pods Manifest.lock";
			outputFileListPaths = (
			);
			outputPaths = (
				"$(DERIVED_FILE_DIR)/Pods-MyPlaces-checkManifestLockResult.txt",
			);
			runOnlyForDeploymentPostprocessing = 0;
			shellPath = /bin/sh;
			shellScript = "diff \"${PODS_PODFILE_DIR_PATH}/Podfile.lock\" \"${PODS_ROOT}/Manifest.lock\" > /dev/null\nif [ $? != 0 ] ; then\n    # print error to STDERR\n    echo \"error: The sandbox is not in sync with the Podfile.lock. Run 'pod install' or update your CocoaPods installation.\" >&2\n    exit 1\nfi\n# This output is used by Xcode 'outputs' to avoid re-running this script phase.\necho \"SUCCESS\" > \"${SCRIPT_OUTPUT_FILE_0}\"\n";
			showEnvVarsInLog = 0;
		};
		B7A1A0DD9D02C668497B5326 /* [CP] Embed Pods Frameworks */ = {
			isa = PBXShellScriptBuildPhase;
			buildActionMask = 2147483647;
			files = (
			);
			inputFileListPaths = (
				"${PODS_ROOT}/Target Support Files/Pods-MyPlaces/Pods-MyPlaces-frameworks-${CONFIGURATION}-input-files.xcfilelist",
			);
			name = "[CP] Embed Pods Frameworks";
			outputFileListPaths = (
				"${PODS_ROOT}/Target Support Files/Pods-MyPlaces/Pods-MyPlaces-frameworks-${CONFIGURATION}-output-files.xcfilelist",
			);
			runOnlyForDeploymentPostprocessing = 0;
			shellPath = /bin/sh;
			shellScript = "\"${PODS_ROOT}/Target Support Files/Pods-MyPlaces/Pods-MyPlaces-frameworks.sh\"\n";
			showEnvVarsInLog = 0;
		};
/* End PBXShellScriptBuildPhase section */

/* Begin PBXSourcesBuildPhase section */
		4D111CED27FCB5A6007AC40A /* Sources */ = {
			isa = PBXSourcesBuildPhase;
			buildActionMask = 2147483647;
			files = (
				4D111CF527FCB5A6007AC40A /* AppDelegate.swift in Sources */,
				4D777D9B280C863400E3CFFD /* MainRatingController.swift in Sources */,
				4DE82EA327FF22E600E37C25 /* NewPlaceViewController.swift in Sources */,
				4D5028E6280F3ECD00F56CA7 /* MapViewController.swift in Sources */,
				4D5ACCE4280BF09E007F3E2B /* RatingController.swift in Sources */,
				4D57A1352816B9D200AFA57C /* MapManager.swift in Sources */,
				4D111D0B27FCB99C007AC40A /* MainViewController.swift in Sources */,
				4D48FC8A28009C2200DBCC01 /* StorageManager.swift in Sources */,
				4D3FECA227FE2B2000B2168D /* PlaceModel.swift in Sources */,
				4D3FECA027FE1D7300B2168D /* CustomTableViewCell.swift in Sources */,
				4D111CF727FCB5A6007AC40A /* SceneDelegate.swift in Sources */,
			);
			runOnlyForDeploymentPostprocessing = 0;
		};
/* End PBXSourcesBuildPhase section */

/* Begin PBXVariantGroup section */
		4D111CFA27FCB5A6007AC40A /* Main.storyboard */ = {
			isa = PBXVariantGroup;
			children = (
				4D111CFB27FCB5A6007AC40A /* Base */,
			);
			name = Main.storyboard;
			sourceTree = "<group>";
		};
		4D111CFF27FCB5A7007AC40A /* LaunchScreen.storyboard */ = {
			isa = PBXVariantGroup;
			children = (
				4D111D0027FCB5A7007AC40A /* Base */,
			);
			name = LaunchScreen.storyboard;
			sourceTree = "<group>";
		};
/* End PBXVariantGroup section */

/* Begin XCBuildConfiguration section */
		4D111D0327FCB5A7007AC40A /* Debug */ = {
			isa = XCBuildConfiguration;
			buildSettings = {
				ALWAYS_SEARCH_USER_PATHS = NO;
				CLANG_ANALYZER_NONNULL = YES;
				CLANG_ANALYZER_NUMBER_OBJECT_CONVERSION = YES_AGGRESSIVE;
				CLANG_CXX_LANGUAGE_STANDARD = "gnu++17";
				CLANG_ENABLE_MODULES = YES;
				CLANG_ENABLE_OBJC_ARC = YES;
				CLANG_ENABLE_OBJC_WEAK = YES;
				CLANG_WARN_BLOCK_CAPTURE_AUTORELEASING = YES;
				CLANG_WARN_BOOL_CONVERSION = YES;
				CLANG_WARN_COMMA = YES;
				CLANG_WARN_CONSTANT_CONVERSION = YES;
				CLANG_WARN_DEPRECATED_OBJC_IMPLEMENTATIONS = YES;
				CLANG_WARN_DIRECT_OBJC_ISA_USAGE = YES_ERROR;
				CLANG_WARN_DOCUMENTATION_COMMENTS = YES;
				CLANG_WARN_EMPTY_BODY = YES;
				CLANG_WARN_ENUM_CONVERSION = YES;
				CLANG_WARN_INFINITE_RECURSION = YES;
				CLANG_WARN_INT_CONVERSION = YES;
				CLANG_WARN_NON_LITERAL_NULL_CONVERSION = YES;
				CLANG_WARN_OBJC_IMPLICIT_RETAIN_SELF = YES;
				CLANG_WARN_OBJC_LITERAL_CONVERSION = YES;
				CLANG_WARN_OBJC_ROOT_CLASS = YES_ERROR;
				CLANG_WARN_QUOTED_INCLUDE_IN_FRAMEWORK_HEADER = YES;
				CLANG_WARN_RANGE_LOOP_ANALYSIS = YES;
				CLANG_WARN_STRICT_PROTOTYPES = YES;
				CLANG_WARN_SUSPICIOUS_MOVE = YES;
				CLANG_WARN_UNGUARDED_AVAILABILITY = YES_AGGRESSIVE;
				CLANG_WARN_UNREACHABLE_CODE = YES;
				CLANG_WARN__DUPLICATE_METHOD_MATCH = YES;
				COPY_PHASE_STRIP = NO;
				DEBUG_INFORMATION_FORMAT = dwarf;
				ENABLE_STRICT_OBJC_MSGSEND = YES;
				ENABLE_TESTABILITY = YES;
				GCC_C_LANGUAGE_STANDARD = gnu11;
				GCC_DYNAMIC_NO_PIC = NO;
				GCC_NO_COMMON_BLOCKS = YES;
				GCC_OPTIMIZATION_LEVEL = 0;
				GCC_PREPROCESSOR_DEFINITIONS = (
					"DEBUG=1",
					"$(inherited)",
				);
				GCC_WARN_64_TO_32_BIT_CONVERSION = YES;
				GCC_WARN_ABOUT_RETURN_TYPE = YES_ERROR;
				GCC_WARN_UNDECLARED_SELECTOR = YES;
				GCC_WARN_UNINITIALIZED_AUTOS = YES_AGGRESSIVE;
				GCC_WARN_UNUSED_FUNCTION = YES;
				GCC_WARN_UNUSED_VARIABLE = YES;
				IPHONEOS_DEPLOYMENT_TARGET = 15.4;
				MTL_ENABLE_DEBUG_INFO = INCLUDE_SOURCE;
				MTL_FAST_MATH = YES;
				ONLY_ACTIVE_ARCH = YES;
				SDKROOT = iphoneos;
				SWIFT_ACTIVE_COMPILATION_CONDITIONS = DEBUG;
				SWIFT_OPTIMIZATION_LEVEL = "-Onone";
			};
			name = Debug;
		};
		4D111D0427FCB5A7007AC40A /* Release */ = {
			isa = XCBuildConfiguration;
			buildSettings = {
				ALWAYS_SEARCH_USER_PATHS = NO;
				CLANG_ANALYZER_NONNULL = YES;
				CLANG_ANALYZER_NUMBER_OBJECT_CONVERSION = YES_AGGRESSIVE;
				CLANG_CXX_LANGUAGE_STANDARD = "gnu++17";
				CLANG_ENABLE_MODULES = YES;
				CLANG_ENABLE_OBJC_ARC = YES;
				CLANG_ENABLE_OBJC_WEAK = YES;
				CLANG_WARN_BLOCK_CAPTURE_AUTORELEASING = YES;
				CLANG_WARN_BOOL_CONVERSION = YES;
				CLANG_WARN_COMMA = YES;
				CLANG_WARN_CONSTANT_CONVERSION = YES;
				CLANG_WARN_DEPRECATED_OBJC_IMPLEMENTATIONS = YES;
				CLANG_WARN_DIRECT_OBJC_ISA_USAGE = YES_ERROR;
				CLANG_WARN_DOCUMENTATION_COMMENTS = YES;
				CLANG_WARN_EMPTY_BODY = YES;
				CLANG_WARN_ENUM_CONVERSION = YES;
				CLANG_WARN_INFINITE_RECURSION = YES;
				CLANG_WARN_INT_CONVERSION = YES;
				CLANG_WARN_NON_LITERAL_NULL_CONVERSION = YES;
				CLANG_WARN_OBJC_IMPLICIT_RETAIN_SELF = YES;
				CLANG_WARN_OBJC_LITERAL_CONVERSION = YES;
				CLANG_WARN_OBJC_ROOT_CLASS = YES_ERROR;
				CLANG_WARN_QUOTED_INCLUDE_IN_FRAMEWORK_HEADER = YES;
				CLANG_WARN_RANGE_LOOP_ANALYSIS = YES;
				CLANG_WARN_STRICT_PROTOTYPES = YES;
				CLANG_WARN_SUSPICIOUS_MOVE = YES;
				CLANG_WARN_UNGUARDED_AVAILABILITY = YES_AGGRESSIVE;
				CLANG_WARN_UNREACHABLE_CODE = YES;
				CLANG_WARN__DUPLICATE_METHOD_MATCH = YES;
				COPY_PHASE_STRIP = NO;
				DEBUG_INFORMATION_FORMAT = "dwarf-with-dsym";
				ENABLE_NS_ASSERTIONS = NO;
				ENABLE_STRICT_OBJC_MSGSEND = YES;
				GCC_C_LANGUAGE_STANDARD = gnu11;
				GCC_NO_COMMON_BLOCKS = YES;
				GCC_WARN_64_TO_32_BIT_CONVERSION = YES;
				GCC_WARN_ABOUT_RETURN_TYPE = YES_ERROR;
				GCC_WARN_UNDECLARED_SELECTOR = YES;
				GCC_WARN_UNINITIALIZED_AUTOS = YES_AGGRESSIVE;
				GCC_WARN_UNUSED_FUNCTION = YES;
				GCC_WARN_UNUSED_VARIABLE = YES;
				IPHONEOS_DEPLOYMENT_TARGET = 15.4;
				MTL_ENABLE_DEBUG_INFO = NO;
				MTL_FAST_MATH = YES;
				SDKROOT = iphoneos;
				SWIFT_COMPILATION_MODE = wholemodule;
				SWIFT_OPTIMIZATION_LEVEL = "-O";
				VALIDATE_PRODUCT = YES;
			};
			name = Release;
		};
		4D111D0627FCB5A7007AC40A /* Debug */ = {
			isa = XCBuildConfiguration;
			baseConfigurationReference = 63EF608980129362955E06F8 /* Pods-MyPlaces.debug.xcconfig */;
			buildSettings = {
				ASSETCATALOG_COMPILER_APPICON_NAME = AppIcon;
				ASSETCATALOG_COMPILER_GLOBAL_ACCENT_COLOR_NAME = AccentColor;
				CODE_SIGN_STYLE = Automatic;
				CURRENT_PROJECT_VERSION = 1;
				DEVELOPMENT_TEAM = LPK43453JL;
				GENERATE_INFOPLIST_FILE = YES;
				INFOPLIST_FILE = MyPlaces/Info.plist;
				INFOPLIST_KEY_UIApplicationSupportsIndirectInputEvents = YES;
				INFOPLIST_KEY_UILaunchStoryboardName = LaunchScreen;
				INFOPLIST_KEY_UIMainStoryboardFile = Main;
				INFOPLIST_KEY_UISupportedInterfaceOrientations_iPad = "UIInterfaceOrientationPortrait UIInterfaceOrientationPortraitUpsideDown UIInterfaceOrientationLandscapeLeft UIInterfaceOrientationLandscapeRight";
				INFOPLIST_KEY_UISupportedInterfaceOrientations_iPhone = "UIInterfaceOrientationPortrait UIInterfaceOrientationLandscapeLeft UIInterfaceOrientationLandscapeRight";
				LD_RUNPATH_SEARCH_PATHS = (
					"$(inherited)",
					"@executable_path/Frameworks",
				);
				MARKETING_VERSION = 1.0;
				PRODUCT_BUNDLE_IDENTIFIER = ru.real.MyPlaces;
				PRODUCT_NAME = "$(TARGET_NAME)";
				SWIFT_EMIT_LOC_STRINGS = YES;
				SWIFT_VERSION = 5.0;
				TARGETED_DEVICE_FAMILY = "1,2";
			};
			name = Debug;
		};
		4D111D0727FCB5A7007AC40A /* Release */ = {
			isa = XCBuildConfiguration;
			baseConfigurationReference = CF618A5E9C4381F870DFAD08 /* Pods-MyPlaces.release.xcconfig */;
			buildSettings = {
				ASSETCATALOG_COMPILER_APPICON_NAME = AppIcon;
				ASSETCATALOG_COMPILER_GLOBAL_ACCENT_COLOR_NAME = AccentColor;
				CODE_SIGN_STYLE = Automatic;
				CURRENT_PROJECT_VERSION = 1;
				DEVELOPMENT_TEAM = LPK43453JL;
				GENERATE_INFOPLIST_FILE = YES;
				INFOPLIST_FILE = MyPlaces/Info.plist;
				INFOPLIST_KEY_UIApplicationSupportsIndirectInputEvents = YES;
				INFOPLIST_KEY_UILaunchStoryboardName = LaunchScreen;
				INFOPLIST_KEY_UIMainStoryboardFile = Main;
				INFOPLIST_KEY_UISupportedInterfaceOrientations_iPad = "UIInterfaceOrientationPortrait UIInterfaceOrientationPortraitUpsideDown UIInterfaceOrientationLandscapeLeft UIInterfaceOrientationLandscapeRight";
				INFOPLIST_KEY_UISupportedInterfaceOrientations_iPhone = "UIInterfaceOrientationPortrait UIInterfaceOrientationLandscapeLeft UIInterfaceOrientationLandscapeRight";
				LD_RUNPATH_SEARCH_PATHS = (
					"$(inherited)",
					"@executable_path/Frameworks",
				);
				MARKETING_VERSION = 1.0;
				PRODUCT_BUNDLE_IDENTIFIER = ru.real.MyPlaces;
				PRODUCT_NAME = "$(TARGET_NAME)";
				SWIFT_EMIT_LOC_STRINGS = YES;
				SWIFT_VERSION = 5.0;
				TARGETED_DEVICE_FAMILY = "1,2";
			};
			name = Release;
		};
/* End XCBuildConfiguration section */

/* Begin XCConfigurationList section */
		4D111CEC27FCB5A6007AC40A /* Build configuration list for PBXProject "MyPlaces" */ = {
			isa = XCConfigurationList;
			buildConfigurations = (
				4D111D0327FCB5A7007AC40A /* Debug */,
				4D111D0427FCB5A7007AC40A /* Release */,
			);
			defaultConfigurationIsVisible = 0;
			defaultConfigurationName = Release;
		};
		4D111D0527FCB5A7007AC40A /* Build configuration list for PBXNativeTarget "MyPlaces" */ = {
			isa = XCConfigurationList;
			buildConfigurations = (
				4D111D0627FCB5A7007AC40A /* Debug */,
				4D111D0727FCB5A7007AC40A /* Release */,
			);
			defaultConfigurationIsVisible = 0;
			defaultConfigurationName = Release;
		};
/* End XCConfigurationList section */
	};
	rootObject = 4D111CE927FCB5A6007AC40A /* Project object */;
}
